
Microsoft Visual Studio Solution File, Format Version 12.00
# Visual Studio Version 16
VisualStudioVersion = 16.0.31129.286
MinimumVisualStudioVersion = 10.0.40219.1
Project("{9A19103F-16F7-4668-BE54-9A1E7A4F7556}") = "SportTracker", "SportTracker\SportTracker.csproj", "{25297B81-2531-4229-9FFA-C4C11EF3D704}"
EndProject
Project("{FAE04EC0-301F-11D3-BF4B-00C04F79EFBC}") = "Tests", "Tests\Tests.csproj", "{77D99CDE-DB8E-4BBF-AD8B-EF7EA2EE8477}"
EndProject
Global
	GlobalSection(SolutionConfigurationPlatforms) = preSolution
		Debug|Any CPU = Debug|Any CPU
		Release|Any CPU = Release|Any CPU
	EndGlobalSection
	GlobalSection(ProjectConfigurationPlatforms) = postSolution
		{25297B81-2531-4229-9FFA-C4C11EF3D704}.Debug|Any CPU.ActiveCfg = Debug|Any CPU
		{25297B81-2531-4229-9FFA-C4C11EF3D704}.Debug|Any CPU.Build.0 = Debug|Any CPU
		{25297B81-2531-4229-9FFA-C4C11EF3D704}.Release|Any CPU.ActiveCfg = Release|Any CPU
		{25297B81-2531-4229-9FFA-C4C11EF3D704}.Release|Any CPU.Build.0 = Release|Any CPU
		{77D99CDE-DB8E-4BBF-AD8B-EF7EA2EE8477}.Debug|Any CPU.ActiveCfg = Debug|Any CPU
		{77D99CDE-DB8E-4BBF-AD8B-EF7EA2EE8477}.Debug|Any CPU.Build.0 = Debug|Any CPU
		{77D99CDE-DB8E-4BBF-AD8B-EF7EA2EE8477}.Release|Any CPU.ActiveCfg = Release|Any CPU
		{77D99CDE-DB8E-4BBF-AD8B-EF7EA2EE8477}.Release|Any CPU.Build.0 = Release|Any CPU
	EndGlobalSection
	GlobalSection(SolutionProperties) = preSolution
		HideSolutionNode = FALSE
	EndGlobalSection
	GlobalSection(ExtensibilityGlobals) = postSolution
		SolutionGuid = {68E5F42B-2BFF-4DD0-8B47-A76DEA98CD7F}
	EndGlobalSection
EndGlobal
